
Microsoft Visual Studio Solution File, Format Version 12.00
# Visual Studio Version 16
VisualStudioVersion = 16.0.29001.49
MinimumVisualStudioVersion = 10.0.40219.1
Project("{9A19103F-16F7-4668-BE54-9A1E7A4F7556}") = "Paden.Aspects.Caching.Redis", "Paden.Aspects.Caching.Redis\Paden.Aspects.Caching.Redis.csproj", "{74AAA733-10A9-4806-9992-FA6CD01CEED4}"
EndProject
Project("{2150E333-8FDC-42A3-9474-1A3956D46DE8}") = "Docker", "Docker", "{0D559C82-5921-4C74-9FE2-7BD255E44B43}"
	ProjectSection(SolutionItems) = preProject
		docker-compose.yml = docker-compose.yml
	EndProjectSection
EndProject
Project("{9A19103F-16F7-4668-BE54-9A1E7A4F7556}") = "Paden.Aspects.DAL", "Paden.Aspects.DAL\Paden.Aspects.DAL.csproj", "{A593B70F-F27A-4A00-9D60-F50BCD744165}"
EndProject
Project("{9A19103F-16F7-4668-BE54-9A1E7A4F7556}") = "Paden.Aspects.Storage.MySQL", "Paden.Aspects.Storage.MySQL\Paden.Aspects.Storage.MySQL.csproj", "{BE926081-C46E-4E98-86C5-EBAB670974A7}"
EndProject
Project("{2150E333-8FDC-42A3-9474-1A3956D46DE8}") = "Aspects", "Aspects", "{5FB26440-E20D-40E1-B8E9-1368EEDF03DE}"
EndProject
Project("{9A19103F-16F7-4668-BE54-9A1E7A4F7556}") = "Paden.Aspects.DAL.Tests", "Paden.Aspects.DAL.Tests\Paden.Aspects.DAL.Tests.csproj", "{4FED2BD5-8384-4250-B414-0DE1F13E4370}"
EndProject
Global
	GlobalSection(SolutionConfigurationPlatforms) = preSolution
		Debug|Any CPU = Debug|Any CPU
		Release|Any CPU = Release|Any CPU
	EndGlobalSection
	GlobalSection(ProjectConfigurationPlatforms) = postSolution
		{74AAA733-10A9-4806-9992-FA6CD01CEED4}.Debug|Any CPU.ActiveCfg = Debug|Any CPU
		{74AAA733-10A9-4806-9992-FA6CD01CEED4}.Debug|Any CPU.Build.0 = Debug|Any CPU
		{74AAA733-10A9-4806-9992-FA6CD01CEED4}.Release|Any CPU.ActiveCfg = Release|Any CPU
		{74AAA733-10A9-4806-9992-FA6CD01CEED4}.Release|Any CPU.Build.0 = Release|Any CPU
		{A593B70F-F27A-4A00-9D60-F50BCD744165}.Debug|Any CPU.ActiveCfg = Debug|Any CPU
		{A593B70F-F27A-4A00-9D60-F50BCD744165}.Debug|Any CPU.Build.0 = Debug|Any CPU
		{A593B70F-F27A-4A00-9D60-F50BCD744165}.Release|Any CPU.ActiveCfg = Release|Any CPU
		{A593B70F-F27A-4A00-9D60-F50BCD744165}.Release|Any CPU.Build.0 = Release|Any CPU
		{BE926081-C46E-4E98-86C5-EBAB670974A7}.Debug|Any CPU.ActiveCfg = Debug|Any CPU
		{BE926081-C46E-4E98-86C5-EBAB670974A7}.Debug|Any CPU.Build.0 = Debug|Any CPU
		{BE926081-C46E-4E98-86C5-EBAB670974A7}.Release|Any CPU.ActiveCfg = Release|Any CPU
		{BE926081-C46E-4E98-86C5-EBAB670974A7}.Release|Any CPU.Build.0 = Release|Any CPU
		{4FED2BD5-8384-4250-B414-0DE1F13E4370}.Debug|Any CPU.ActiveCfg = Debug|Any CPU
		{4FED2BD5-8384-4250-B414-0DE1F13E4370}.Debug|Any CPU.Build.0 = Debug|Any CPU
		{4FED2BD5-8384-4250-B414-0DE1F13E4370}.Release|Any CPU.ActiveCfg = Release|Any CPU
		{4FED2BD5-8384-4250-B414-0DE1F13E4370}.Release|Any CPU.Build.0 = Release|Any CPU
	EndGlobalSection
	GlobalSection(SolutionProperties) = preSolution
		HideSolutionNode = FALSE
	EndGlobalSection
	GlobalSection(NestedProjects) = preSolution
		{74AAA733-10A9-4806-9992-FA6CD01CEED4} = {5FB26440-E20D-40E1-B8E9-1368EEDF03DE}
		{BE926081-C46E-4E98-86C5-EBAB670974A7} = {5FB26440-E20D-40E1-B8E9-1368EEDF03DE}
	EndGlobalSection
	GlobalSection(ExtensibilityGlobals) = postSolution
		SolutionGuid = {2E6D0226-6902-4AEF-999A-3D79E70203EA}
	EndGlobalSection
EndGlobal
